// !$*UTF8*$!
{
	archiveVersion = 1;
	classes = {
	};
	objectVersion = 52;
	objects = {

/* Begin PBXBuildFile section */
		6998433C268C10FD007FDB4C /* AppDelegate.swift in Sources */ = {isa = PBXBuildFile; fileRef = 6998433B268C10FD007FDB4C /* AppDelegate.swift */; };
		6998433E268C10FD007FDB4C /* SceneDelegate.swift in Sources */ = {isa = PBXBuildFile; fileRef = 6998433D268C10FD007FDB4C /* SceneDelegate.swift */; };
		69984340268C10FD007FDB4C /* ViewController.swift in Sources */ = {isa = PBXBuildFile; fileRef = 6998433F268C10FD007FDB4C /* ViewController.swift */; };
		69984345268C1102007FDB4C /* Assets.xcassets in Resources */ = {isa = PBXBuildFile; fileRef = 69984344268C1102007FDB4C /* Assets.xcassets */; };
		69984348268C1102007FDB4C /* LaunchScreen.storyboard in Resources */ = {isa = PBXBuildFile; fileRef = 69984346268C1102007FDB4C /* LaunchScreen.storyboard */; };
		69984353268C1102007FDB4C /* UIKitExampleTests.swift in Sources */ = {isa = PBXBuildFile; fileRef = 69984352268C1102007FDB4C /* UIKitExampleTests.swift */; };
		6998435E268C1102007FDB4C /* UIKitExampleUITests.swift in Sources */ = {isa = PBXBuildFile; fileRef = 6998435D268C1102007FDB4C /* UIKitExampleUITests.swift */; };
		69C2BB5A268F788400D78DD8 /* MTFoundation in Frameworks */ = {isa = PBXBuildFile; productRef = 69C2BB59268F788400D78DD8 /* MTFoundation */; };
/* End PBXBuildFile section */

/* Begin PBXContainerItemProxy section */
		6998434F268C1102007FDB4C /* PBXContainerItemProxy */ = {
			isa = PBXContainerItemProxy;
			containerPortal = 69984330268C10FD007FDB4C /* Project object */;
			proxyType = 1;
			remoteGlobalIDString = 69984337268C10FD007FDB4C;
			remoteInfo = UIKitExample;
		};
		6998435A268C1102007FDB4C /* PBXContainerItemProxy */ = {
			isa = PBXContainerItemProxy;
			containerPortal = 69984330268C10FD007FDB4C /* Project object */;
			proxyType = 1;
			remoteGlobalIDString = 69984337268C10FD007FDB4C;
			remoteInfo = UIKitExample;
		};
/* End PBXContainerItemProxy section */

/* Begin PBXFileReference section */
		69984338268C10FD007FDB4C /* UIKitExample.app */ = {isa = PBXFileReference; explicitFileType = wrapper.application; includeInIndex = 0; path = UIKitExample.app; sourceTree = BUILT_PRODUCTS_DIR; };
		6998433B268C10FD007FDB4C /* AppDelegate.swift */ = {isa = PBXFileReference; lastKnownFileType = sourcecode.swift; path = AppDelegate.swift; sourceTree = "<group>"; };
		6998433D268C10FD007FDB4C /* SceneDelegate.swift */ = {isa = PBXFileReference; lastKnownFileType = sourcecode.swift; path = SceneDelegate.swift; sourceTree = "<group>"; };
		6998433F268C10FD007FDB4C /* ViewController.swift */ = {isa = PBXFileReference; lastKnownFileType = sourcecode.swift; path = ViewController.swift; sourceTree = "<group>"; };
		69984344268C1102007FDB4C /* Assets.xcassets */ = {isa = PBXFileReference; lastKnownFileType = folder.assetcatalog; path = Assets.xcassets; sourceTree = "<group>"; };
		69984347268C1102007FDB4C /* Base */ = {isa = PBXFileReference; lastKnownFileType = file.storyboard; name = Base; path = Base.lproj/LaunchScreen.storyboard; sourceTree = "<group>"; };
		69984349268C1102007FDB4C /* Info.plist */ = {isa = PBXFileReference; lastKnownFileType = text.plist.xml; path = Info.plist; sourceTree = "<group>"; };
		6998434E268C1102007FDB4C /* UIKitExampleTests.xctest */ = {isa = PBXFileReference; explicitFileType = wrapper.cfbundle; includeInIndex = 0; path = UIKitExampleTests.xctest; sourceTree = BUILT_PRODUCTS_DIR; };
		69984352268C1102007FDB4C /* UIKitExampleTests.swift */ = {isa = PBXFileReference; lastKnownFileType = sourcecode.swift; path = UIKitExampleTests.swift; sourceTree = "<group>"; };
		69984354268C1102007FDB4C /* Info.plist */ = {isa = PBXFileReference; lastKnownFileType = text.plist.xml; path = Info.plist; sourceTree = "<group>"; };
		69984359268C1102007FDB4C /* UIKitExampleUITests.xctest */ = {isa = PBXFileReference; explicitFileType = wrapper.cfbundle; includeInIndex = 0; path = UIKitExampleUITests.xctest; sourceTree = BUILT_PRODUCTS_DIR; };
		6998435D268C1102007FDB4C /* UIKitExampleUITests.swift */ = {isa = PBXFileReference; lastKnownFileType = sourcecode.swift; path = UIKitExampleUITests.swift; sourceTree = "<group>"; };
		6998435F268C1102007FDB4C /* Info.plist */ = {isa = PBXFileReference; lastKnownFileType = text.plist.xml; path = Info.plist; sourceTree = "<group>"; };
/* End PBXFileReference section */

/* Begin PBXFrameworksBuildPhase section */
		69984335268C10FD007FDB4C /* Frameworks */ = {
			isa = PBXFrameworksBuildPhase;
			buildActionMask = 2147483647;
			files = (
				69C2BB5A268F788400D78DD8 /* MTFoundation in Frameworks */,
			);
			runOnlyForDeploymentPostprocessing = 0;
		};
		6998434B268C1102007FDB4C /* Frameworks */ = {
			isa = PBXFrameworksBuildPhase;
			buildActionMask = 2147483647;
			files = (
			);
			runOnlyForDeploymentPostprocessing = 0;
		};
		69984356268C1102007FDB4C /* Frameworks */ = {
			isa = PBXFrameworksBuildPhase;
			buildActionMask = 2147483647;
			files = (
			);
			runOnlyForDeploymentPostprocessing = 0;
		};
/* End PBXFrameworksBuildPhase section */

/* Begin PBXGroup section */
		6998432F268C10FD007FDB4C = {
			isa = PBXGroup;
			children = (
				6998433A268C10FD007FDB4C /* UIKitExample */,
				69984351268C1102007FDB4C /* UIKitExampleTests */,
				6998435C268C1102007FDB4C /* UIKitExampleUITests */,
				69984339268C10FD007FDB4C /* Products */,
				69C2BB58268F788400D78DD8 /* Frameworks */,
			);
			sourceTree = "<group>";
		};
		69984339268C10FD007FDB4C /* Products */ = {
			isa = PBXGroup;
			children = (
				69984338268C10FD007FDB4C /* UIKitExample.app */,
				6998434E268C1102007FDB4C /* UIKitExampleTests.xctest */,
				69984359268C1102007FDB4C /* UIKitExampleUITests.xctest */,
			);
			name = Products;
			sourceTree = "<group>";
		};
		6998433A268C10FD007FDB4C /* UIKitExample */ = {
			isa = PBXGroup;
			children = (
				6998433B268C10FD007FDB4C /* AppDelegate.swift */,
				6998433D268C10FD007FDB4C /* SceneDelegate.swift */,
				6998433F268C10FD007FDB4C /* ViewController.swift */,
				69984344268C1102007FDB4C /* Assets.xcassets */,
				69984346268C1102007FDB4C /* LaunchScreen.storyboard */,
				69984349268C1102007FDB4C /* Info.plist */,
			);
			path = UIKitExample;
			sourceTree = "<group>";
		};
		69984351268C1102007FDB4C /* UIKitExampleTests */ = {
			isa = PBXGroup;
			children = (
				69984352268C1102007FDB4C /* UIKitExampleTests.swift */,
				69984354268C1102007FDB4C /* Info.plist */,
			);
			path = UIKitExampleTests;
			sourceTree = "<group>";
		};
		6998435C268C1102007FDB4C /* UIKitExampleUITests */ = {
			isa = PBXGroup;
			children = (
				6998435D268C1102007FDB4C /* UIKitExampleUITests.swift */,
				6998435F268C1102007FDB4C /* Info.plist */,
			);
			path = UIKitExampleUITests;
			sourceTree = "<group>";
		};
		69C2BB58268F788400D78DD8 /* Frameworks */ = {
			isa = PBXGroup;
			children = (
			);
			name = Frameworks;
			sourceTree = "<group>";
		};
/* End PBXGroup section */

/* Begin PBXNativeTarget section */
		69984337268C10FD007FDB4C /* UIKitExample */ = {
			isa = PBXNativeTarget;
			buildConfigurationList = 69984362268C1102007FDB4C /* Build configuration list for PBXNativeTarget "UIKitExample" */;
			buildPhases = (
				69984334268C10FD007FDB4C /* Sources */,
				69984335268C10FD007FDB4C /* Frameworks */,
				69984336268C10FD007FDB4C /* Resources */,
			);
			buildRules = (
			);
			dependencies = (
			);
			name = UIKitExample;
			packageProductDependencies = (
				69C2BB59268F788400D78DD8 /* MTFoundation */,
			);
			productName = UIKitExample;
			productReference = 69984338268C10FD007FDB4C /* UIKitExample.app */;
			productType = "com.apple.product-type.application";
		};
		6998434D268C1102007FDB4C /* UIKitExampleTests */ = {
			isa = PBXNativeTarget;
			buildConfigurationList = 69984365268C1102007FDB4C /* Build configuration list for PBXNativeTarget "UIKitExampleTests" */;
			buildPhases = (
				6998434A268C1102007FDB4C /* Sources */,
				6998434B268C1102007FDB4C /* Frameworks */,
				6998434C268C1102007FDB4C /* Resources */,
			);
			buildRules = (
			);
			dependencies = (
				69984350268C1102007FDB4C /* PBXTargetDependency */,
			);
			name = UIKitExampleTests;
			productName = UIKitExampleTests;
			productReference = 6998434E268C1102007FDB4C /* UIKitExampleTests.xctest */;
			productType = "com.apple.product-type.bundle.unit-test";
		};
		69984358268C1102007FDB4C /* UIKitExampleUITests */ = {
			isa = PBXNativeTarget;
			buildConfigurationList = 69984368268C1102007FDB4C /* Build configuration list for PBXNativeTarget "UIKitExampleUITests" */;
			buildPhases = (
				69984355268C1102007FDB4C /* Sources */,
				69984356268C1102007FDB4C /* Frameworks */,
				69984357268C1102007FDB4C /* Resources */,
			);
			buildRules = (
			);
			dependencies = (
				6998435B268C1102007FDB4C /* PBXTargetDependency */,
			);
			name = UIKitExampleUITests;
			productName = UIKitExampleUITests;
			productReference = 69984359268C1102007FDB4C /* UIKitExampleUITests.xctest */;
			productType = "com.apple.product-type.bundle.ui-testing";
		};
/* End PBXNativeTarget section */

/* Begin PBXProject section */
		69984330268C10FD007FDB4C /* Project object */ = {
			isa = PBXProject;
			attributes = {
				LastSwiftUpdateCheck = 1250;
				LastUpgradeCheck = 1250;
				TargetAttributes = {
					69984337268C10FD007FDB4C = {
						CreatedOnToolsVersion = 12.5.1;
					};
					6998434D268C1102007FDB4C = {
						CreatedOnToolsVersion = 12.5.1;
						TestTargetID = 69984337268C10FD007FDB4C;
					};
					69984358268C1102007FDB4C = {
						CreatedOnToolsVersion = 12.5.1;
						TestTargetID = 69984337268C10FD007FDB4C;
					};
				};
			};
			buildConfigurationList = 69984333268C10FD007FDB4C /* Build configuration list for PBXProject "UIKitExample" */;
			compatibilityVersion = "Xcode 9.3";
			developmentRegion = en;
			hasScannedForEncodings = 0;
			knownRegions = (
				en,
				Base,
			);
			mainGroup = 6998432F268C10FD007FDB4C;
			productRefGroup = 69984339268C10FD007FDB4C /* Products */;
			projectDirPath = "";
			projectRoot = "";
			targets = (
				69984337268C10FD007FDB4C /* UIKitExample */,
				6998434D268C1102007FDB4C /* UIKitExampleTests */,
				69984358268C1102007FDB4C /* UIKitExampleUITests */,
			);
		};
/* End PBXProject section */

/* Begin PBXResourcesBuildPhase section */
		69984336268C10FD007FDB4C /* Resources */ = {
			isa = PBXResourcesBuildPhase;
			buildActionMask = 2147483647;
			files = (
				69984348268C1102007FDB4C /* LaunchScreen.storyboard in Resources */,
				69984345268C1102007FDB4C /* Assets.xcassets in Resources */,
			);
			runOnlyForDeploymentPostprocessing = 0;
		};
		6998434C268C1102007FDB4C /* Resources */ = {
			isa = PBXResourcesBuildPhase;
			buildActionMask = 2147483647;
			files = (
			);
			runOnlyForDeploymentPostprocessing = 0;
		};
		69984357268C1102007FDB4C /* Resources */ = {
			isa = PBXResourcesBuildPhase;
			buildActionMask = 2147483647;
			files = (
			);
			runOnlyForDeploymentPostprocessing = 0;
		};
/* End PBXResourcesBuildPhase section */

/* Begin PBXSourcesBuildPhase section */
		69984334268C10FD007FDB4C /* Sources */ = {
			isa = PBXSourcesBuildPhase;
			buildActionMask = 2147483647;
			files = (
				69984340268C10FD007FDB4C /* ViewController.swift in Sources */,
				6998433C268C10FD007FDB4C /* AppDelegate.swift in Sources */,
				6998433E268C10FD007FDB4C /* SceneDelegate.swift in Sources */,
			);
			runOnlyForDeploymentPostprocessing = 0;
		};
		6998434A268C1102007FDB4C /* Sources */ = {
			isa = PBXSourcesBuildPhase;
			buildActionMask = 2147483647;
			files = (
				69984353268C1102007FDB4C /* UIKitExampleTests.swift in Sources */,
			);
			runOnlyForDeploymentPostprocessing = 0;
		};
		69984355268C1102007FDB4C /* Sources */ = {
			isa = PBXSourcesBuildPhase;
			buildActionMask = 2147483647;
			files = (
				6998435E268C1102007FDB4C /* UIKitExampleUITests.swift in Sources */,
			);
			runOnlyForDeploymentPostprocessing = 0;
		};
/* End PBXSourcesBuildPhase section */

/* Begin PBXTargetDependency section */
		69984350268C1102007FDB4C /* PBXTargetDependency */ = {
			isa = PBXTargetDependency;
			target = 69984337268C10FD007FDB4C /* UIKitExample */;
			targetProxy = 6998434F268C1102007FDB4C /* PBXContainerItemProxy */;
		};
		6998435B268C1102007FDB4C /* PBXTargetDependency */ = {
			isa = PBXTargetDependency;
			target = 69984337268C10FD007FDB4C /* UIKitExample */;
			targetProxy = 6998435A268C1102007FDB4C /* PBXContainerItemProxy */;
		};
/* End PBXTargetDependency section */

/* Begin PBXVariantGroup section */
		69984346268C1102007FDB4C /* LaunchScreen.storyboard */ = {
			isa = PBXVariantGroup;
			children = (
				69984347268C1102007FDB4C /* Base */,
			);
			name = LaunchScreen.storyboard;
			sourceTree = "<group>";
		};
/* End PBXVariantGroup section */

/* Begin XCBuildConfiguration section */
		69984360268C1102007FDB4C /* Debug */ = {
			isa = XCBuildConfiguration;
			buildSettings = {
				ALWAYS_SEARCH_USER_PATHS = NO;
				CLANG_ANALYZER_NONNULL = YES;
				CLANG_ANALYZER_NUMBER_OBJECT_CONVERSION = YES_AGGRESSIVE;
				CLANG_CXX_LANGUAGE_STANDARD = "gnu++14";
				CLANG_CXX_LIBRARY = "libc++";
				CLANG_ENABLE_MODULES = YES;
				CLANG_ENABLE_OBJC_ARC = YES;
				CLANG_ENABLE_OBJC_WEAK = YES;
				CLANG_WARN_BLOCK_CAPTURE_AUTORELEASING = YES;
				CLANG_WARN_BOOL_CONVERSION = YES;
				CLANG_WARN_COMMA = YES;
				CLANG_WARN_CONSTANT_CONVERSION = YES;
				CLANG_WARN_DEPRECATED_OBJC_IMPLEMENTATIONS = YES;
				CLANG_WARN_DIRECT_OBJC_ISA_USAGE = YES_ERROR;
				CLANG_WARN_DOCUMENTATION_COMMENTS = YES;
				CLANG_WARN_EMPTY_BODY = YES;
				CLANG_WARN_ENUM_CONVERSION = YES;
				CLANG_WARN_INFINITE_RECURSION = YES;
				CLANG_WARN_INT_CONVERSION = YES;
				CLANG_WARN_NON_LITERAL_NULL_CONVERSION = YES;
				CLANG_WARN_OBJC_IMPLICIT_RETAIN_SELF = YES;
				CLANG_WARN_OBJC_LITERAL_CONVERSION = YES;
				CLANG_WARN_OBJC_ROOT_CLASS = YES_ERROR;
				CLANG_WARN_QUOTED_INCLUDE_IN_FRAMEWORK_HEADER = YES;
				CLANG_WARN_RANGE_LOOP_ANALYSIS = YES;
				CLANG_WARN_STRICT_PROTOTYPES = YES;
				CLANG_WARN_SUSPICIOUS_MOVE = YES;
				CLANG_WARN_UNGUARDED_AVAILABILITY = YES_AGGRESSIVE;
				CLANG_WARN_UNREACHABLE_CODE = YES;
				CLANG_WARN__DUPLICATE_METHOD_MATCH = YES;
				COPY_PHASE_STRIP = NO;
				DEBUG_INFORMATION_FORMAT = dwarf;
				ENABLE_STRICT_OBJC_MSGSEND = YES;
				ENABLE_TESTABILITY = YES;
				GCC_C_LANGUAGE_STANDARD = gnu11;
				GCC_DYNAMIC_NO_PIC = NO;
				GCC_NO_COMMON_BLOCKS = YES;
				GCC_OPTIMIZATION_LEVEL = 0;
				GCC_PREPROCESSOR_DEFINITIONS = (
					"DEBUG=1",
					"$(inherited)",
				);
				GCC_WARN_64_TO_32_BIT_CONVERSION = YES;
				GCC_WARN_ABOUT_RETURN_TYPE = YES_ERROR;
				GCC_WARN_UNDECLARED_SELECTOR = YES;
				GCC_WARN_UNINITIALIZED_AUTOS = YES_AGGRESSIVE;
				GCC_WARN_UNUSED_FUNCTION = YES;
				GCC_WARN_UNUSED_VARIABLE = YES;
				IPHONEOS_DEPLOYMENT_TARGET = 14.5;
				MTL_ENABLE_DEBUG_INFO = INCLUDE_SOURCE;
				MTL_FAST_MATH = YES;
				ONLY_ACTIVE_ARCH = YES;
				SDKROOT = iphoneos;
				SWIFT_ACTIVE_COMPILATION_CONDITIONS = DEBUG;
				SWIFT_OPTIMIZATION_LEVEL = "-Onone";
			};
			name = Debug;
		};
		69984361268C1102007FDB4C /* Release */ = {
			isa = XCBuildConfiguration;
			buildSettings = {
				ALWAYS_SEARCH_USER_PATHS = NO;
				CLANG_ANALYZER_NONNULL = YES;
				CLANG_ANALYZER_NUMBER_OBJECT_CONVERSION = YES_AGGRESSIVE;
				CLANG_CXX_LANGUAGE_STANDARD = "gnu++14";
				CLANG_CXX_LIBRARY = "libc++";
				CLANG_ENABLE_MODULES = YES;
				CLANG_ENABLE_OBJC_ARC = YES;
				CLANG_ENABLE_OBJC_WEAK = YES;
				CLANG_WARN_BLOCK_CAPTURE_AUTORELEASING = YES;
				CLANG_WARN_BOOL_CONVERSION = YES;
				CLANG_WARN_COMMA = YES;
				CLANG_WARN_CONSTANT_CONVERSION = YES;
				CLANG_WARN_DEPRECATED_OBJC_IMPLEMENTATIONS = YES;
				CLANG_WARN_DIRECT_OBJC_ISA_USAGE = YES_ERROR;
				CLANG_WARN_DOCUMENTATION_COMMENTS = YES;
				CLANG_WARN_EMPTY_BODY = YES;
				CLANG_WARN_ENUM_CONVERSION = YES;
				CLANG_WARN_INFINITE_RECURSION = YES;
				CLANG_WARN_INT_CONVERSION = YES;
				CLANG_WARN_NON_LITERAL_NULL_CONVERSION = YES;
				CLANG_WARN_OBJC_IMPLICIT_RETAIN_SELF = YES;
				CLANG_WARN_OBJC_LITERAL_CONVERSION = YES;
				CLANG_WARN_OBJC_ROOT_CLASS = YES_ERROR;
				CLANG_WARN_QUOTED_INCLUDE_IN_FRAMEWORK_HEADER = YES;
				CLANG_WARN_RANGE_LOOP_ANALYSIS = YES;
				CLANG_WARN_STRICT_PROTOTYPES = YES;
				CLANG_WARN_SUSPICIOUS_MOVE = YES;
				CLANG_WARN_UNGUARDED_AVAILABILITY = YES_AGGRESSIVE;
				CLANG_WARN_UNREACHABLE_CODE = YES;
				CLANG_WARN__DUPLICATE_METHOD_MATCH = YES;
				COPY_PHASE_STRIP = NO;
				DEBUG_INFORMATION_FORMAT = "dwarf-with-dsym";
				ENABLE_NS_ASSERTIONS = NO;
				ENABLE_STRICT_OBJC_MSGSEND = YES;
				GCC_C_LANGUAGE_STANDARD = gnu11;
				GCC_NO_COMMON_BLOCKS = YES;
				GCC_WARN_64_TO_32_BIT_CONVERSION = YES;
				GCC_WARN_ABOUT_RETURN_TYPE = YES_ERROR;
				GCC_WARN_UNDECLARED_SELECTOR = YES;
				GCC_WARN_UNINITIALIZED_AUTOS = YES_AGGRESSIVE;
				GCC_WARN_UNUSED_FUNCTION = YES;
				GCC_WARN_UNUSED_VARIABLE = YES;
				IPHONEOS_DEPLOYMENT_TARGET = 14.5;
				MTL_ENABLE_DEBUG_INFO = NO;
				MTL_FAST_MATH = YES;
				SDKROOT = iphoneos;
				SWIFT_COMPILATION_MODE = wholemodule;
				SWIFT_OPTIMIZATION_LEVEL = "-O";
				VALIDATE_PRODUCT = YES;
			};
			name = Release;
		};
		69984363268C1102007FDB4C /* Debug */ = {
			isa = XCBuildConfiguration;
			buildSettings = {
				ASSETCATALOG_COMPILER_APPICON_NAME = AppIcon;
				ASSETCATALOG_COMPILER_GLOBAL_ACCENT_COLOR_NAME = AccentColor;
				CODE_SIGN_STYLE = Automatic;
				INFOPLIST_FILE = UIKitExample/Info.plist;
				LD_RUNPATH_SEARCH_PATHS = (
					"$(inherited)",
					"@executable_path/Frameworks",
				);
				PRODUCT_BUNDLE_IDENTIFIER = com.teixeira.murilo.UIKitExample;
				PRODUCT_NAME = "$(TARGET_NAME)";
				SWIFT_VERSION = 5.0;
				TARGETED_DEVICE_FAMILY = "1,2";
			};
			name = Debug;
		};
		69984364268C1102007FDB4C /* Release */ = {
			isa = XCBuildConfiguration;
			buildSettings = {
				ASSETCATALOG_COMPILER_APPICON_NAME = AppIcon;
				ASSETCATALOG_COMPILER_GLOBAL_ACCENT_COLOR_NAME = AccentColor;
				CODE_SIGN_STYLE = Automatic;
				INFOPLIST_FILE = UIKitExample/Info.plist;
				LD_RUNPATH_SEARCH_PATHS = (
					"$(inherited)",
					"@executable_path/Frameworks",
				);
				PRODUCT_BUNDLE_IDENTIFIER = com.teixeira.murilo.UIKitExample;
				PRODUCT_NAME = "$(TARGET_NAME)";
				SWIFT_VERSION = 5.0;
				TARGETED_DEVICE_FAMILY = "1,2";
			};
			name = Release;
		};
		69984366268C1102007FDB4C /* Debug */ = {
			isa = XCBuildConfiguration;
			buildSettings = {
				ALWAYS_EMBED_SWIFT_STANDARD_LIBRARIES = YES;
				BUNDLE_LOADER = "$(TEST_HOST)";
				CODE_SIGN_STYLE = Automatic;
				INFOPLIST_FILE = UIKitExampleTests/Info.plist;
				IPHONEOS_DEPLOYMENT_TARGET = 14.5;
				LD_RUNPATH_SEARCH_PATHS = (
					"$(inherited)",
					"@executable_path/Frameworks",
					"@loader_path/Frameworks",
				);
				PRODUCT_BUNDLE_IDENTIFIER = com.teixeira.murilo.UIKitExampleTests;
				PRODUCT_NAME = "$(TARGET_NAME)";
				SWIFT_VERSION = 5.0;
				TARGETED_DEVICE_FAMILY = "1,2";
				TEST_HOST = "$(BUILT_PRODUCTS_DIR)/UIKitExample.app/UIKitExample";
			};
			name = Debug;
		};
		69984367268C1102007FDB4C /* Release */ = {
			isa = XCBuildConfiguration;
			buildSettings = {
				ALWAYS_EMBED_SWIFT_STANDARD_LIBRARIES = YES;
				BUNDLE_LOADER = "$(TEST_HOST)";
				CODE_SIGN_STYLE = Automatic;
				INFOPLIST_FILE = UIKitExampleTests/Info.plist;
				IPHONEOS_DEPLOYMENT_TARGET = 14.5;
				LD_RUNPATH_SEARCH_PATHS = (
					"$(inherited)",
					"@executable_path/Frameworks",
					"@loader_path/Frameworks",
				);
				PRODUCT_BUNDLE_IDENTIFIER = com.teixeira.murilo.UIKitExampleTests;
				PRODUCT_NAME = "$(TARGET_NAME)";
				SWIFT_VERSION = 5.0;
				TARGETED_DEVICE_FAMILY = "1,2";
				TEST_HOST = "$(BUILT_PRODUCTS_DIR)/UIKitExample.app/UIKitExample";
			};
			name = Release;
		};
		69984369268C1102007FDB4C /* Debug */ = {
			isa = XCBuildConfiguration;
			buildSettings = {
				ALWAYS_EMBED_SWIFT_STANDARD_LIBRARIES = YES;
				CODE_SIGN_STYLE = Automatic;
				INFOPLIST_FILE = UIKitExampleUITests/Info.plist;
				LD_RUNPATH_SEARCH_PATHS = (
					"$(inherited)",
					"@executable_path/Frameworks",
					"@loader_path/Frameworks",
				);
				PRODUCT_BUNDLE_IDENTIFIER = com.teixeira.murilo.UIKitExampleUITests;
				PRODUCT_NAME = "$(TARGET_NAME)";
				SWIFT_VERSION = 5.0;
				TARGETED_DEVICE_FAMILY = "1,2";
				TEST_TARGET_NAME = UIKitExample;
			};
			name = Debug;
		};
		6998436A268C1102007FDB4C /* Release */ = {
			isa = XCBuildConfiguration;
			buildSettings = {
				ALWAYS_EMBED_SWIFT_STANDARD_LIBRARIES = YES;
				CODE_SIGN_STYLE = Automatic;
				INFOPLIST_FILE = UIKitExampleUITests/Info.plist;
				LD_RUNPATH_SEARCH_PATHS = (
					"$(inherited)",
					"@executable_path/Frameworks",
					"@loader_path/Frameworks",
				);
				PRODUCT_BUNDLE_IDENTIFIER = com.teixeira.murilo.UIKitExampleUITests;
				PRODUCT_NAME = "$(TARGET_NAME)";
				SWIFT_VERSION = 5.0;
				TARGETED_DEVICE_FAMILY = "1,2";
				TEST_TARGET_NAME = UIKitExample;
			};
			name = Release;
		};
/* End XCBuildConfiguration section */

/* Begin XCConfigurationList section */
		69984333268C10FD007FDB4C /* Build configuration list for PBXProject "UIKitExample" */ = {
			isa = XCConfigurationList;
			buildConfigurations = (
				69984360268C1102007FDB4C /* Debug */,
				69984361268C1102007FDB4C /* Release */,
			);
			defaultConfigurationIsVisible = 0;
			defaultConfigurationName = Release;
		};
		69984362268C1102007FDB4C /* Build configuration list for PBXNativeTarget "UIKitExample" */ = {
			isa = XCConfigurationList;
			buildConfigurations = (
				69984363268C1102007FDB4C /* Debug */,
				69984364268C1102007FDB4C /* Release */,
			);
			defaultConfigurationIsVisible = 0;
			defaultConfigurationName = Release;
		};
		69984365268C1102007FDB4C /* Build configuration list for PBXNativeTarget "UIKitExampleTests" */ = {
			isa = XCConfigurationList;
			buildConfigurations = (
				69984366268C1102007FDB4C /* Debug */,
				69984367268C1102007FDB4C /* Release */,
			);
			defaultConfigurationIsVisible = 0;
			defaultConfigurationName = Release;
		};
		69984368268C1102007FDB4C /* Build configuration list for PBXNativeTarget "UIKitExampleUITests" */ = {
			isa = XCConfigurationList;
			buildConfigurations = (
				69984369268C1102007FDB4C /* Debug */,
				6998436A268C1102007FDB4C /* Release */,
			);
			defaultConfigurationIsVisible = 0;
			defaultConfigurationName = Release;
		};
/* End XCConfigurationList section */

/* Begin XCSwiftPackageProductDependency section */
		69C2BB59268F788400D78DD8 /* MTFoundation */ = {
			isa = XCSwiftPackageProductDependency;
			productName = MTFoundation;
		};
/* End XCSwiftPackageProductDependency section */
	};
	rootObject = 69984330268C10FD007FDB4C /* Project object */;
}
